{
  "object": {
    "pins": [
      {
        "package": "SwiftProtobuf",
        "repositoryURL": "https://github.com/apple/swift-protobuf.git",
        "state": {
          "branch": null,
          "revision": "426bef0ddfdc6449b7bd1418baafad6bbc56110b",
          "version": "1.13.0"
        }
      },
      {
        "package": "Sodium",
        "repositoryURL": "https://github.com/jedisct1/swift-sodium.git",
        "state": {
          "branch": null,
          "revision": "176745ddc4991b27f80c3c2637652eb33b5782eb",
          "version": "0.9.0"
        }
      }
    ]
  },
  "version": 1
}
